{
  "name": "example-registry",
  "lockfileVersion": 1,
  "dependencies": {
    "micro-js": {
      "version": "0.0.1",
      "resolved": "https://registry.npmjs.org/micro-js/-/micro-js-0.0.1.tgz",
      "integrity": "sha512-x/++ncwIRPh2ByjWYUE1RAwlJ9gV6Bvo0v4l4w2f0VNVqAqfvjf4fQjvYGAfNioL2+azBE0Y44A4AsB7+58Qgw=="
    }
  }
}
